
Microsoft Visual Studio Solution File, Format Version 12.00
# Visual Studio 15
VisualStudioVersion = 15.0.27703.2035
MinimumVisualStudioVersion = 10.0.40219.1
Project("{D954291E-2A0B-460D-934E-DC6B0785DB48}") = "FactoryPattern", "FactoryPattern\FactoryPattern.shproj", "{4403B9E4-2405-4A2E-A635-EDEBEDC6F7F3}"
EndProject
Global
	GlobalSection(SharedMSBuildProjectFiles) = preSolution
		FactoryPattern\FactoryPattern.projitems*{4403b9e4-2405-4a2e-a635-edebedc6f7f3}*SharedItemsImports = 13
	EndGlobalSection
	GlobalSection(SolutionProperties) = preSolution
		HideSolutionNode = FALSE
	EndGlobalSection
	GlobalSection(ExtensibilityGlobals) = postSolution
		SolutionGuid = {4F9AECEA-7001-4569-B7CC-BBB24CD99B39}
	EndGlobalSection
EndGlobal
